
Microsoft Visual Studio Solution File, Format Version 12.00
# Visual Studio Version 17
VisualStudioVersion = 17.8.34525.116
MinimumVisualStudioVersion = 10.0.40219.1
Project("{FAE04EC0-301F-11D3-BF4B-00C04F79EFBC}") = "Exercises", "Exercises\Exercises.csproj", "{56632063-3696-4D7C-8585-DD8211FA13CD}"
EndProject
Global
	GlobalSection(SolutionConfigurationPlatforms) = preSolution
		Debug|Any CPU = Debug|Any CPU
		Release|Any CPU = Release|Any CPU
	EndGlobalSection
	GlobalSection(ProjectConfigurationPlatforms) = postSolution
		{56632063-3696-4D7C-8585-DD8211FA13CD}.Debug|Any CPU.ActiveCfg = Debug|Any CPU
		{56632063-3696-4D7C-8585-DD8211FA13CD}.Debug|Any CPU.Build.0 = Debug|Any CPU
		{56632063-3696-4D7C-8585-DD8211FA13CD}.Release|Any CPU.ActiveCfg = Release|Any CPU
		{56632063-3696-4D7C-8585-DD8211FA13CD}.Release|Any CPU.Build.0 = Release|Any CPU
	EndGlobalSection
	GlobalSection(SolutionProperties) = preSolution
		HideSolutionNode = FALSE
	EndGlobalSection
	GlobalSection(ExtensibilityGlobals) = postSolution
		SolutionGuid = {A861DFD0-633F-4430-A92F-27C6CF628135}
	EndGlobalSection
EndGlobal
